{
  "version": 4,
  "terraform_version": "1.0.3",
  "serial": 506,
  "lineage": "b9955225-cda8-b679-c44e-fb1bb00527ae",
  "outputs": {
    "Bastion_IP": {
      "value": "34.151.116.29",
      "type": "string"
    },
    "Internal_Network": {
      "value": "10.152.0.0/20",
      "type": "string"
    },
    "Nomad_UI": {
      "value": "http://34.87.245.187:4646",
      "type": "string"
    },
    "Traefik_UI": {
      "value": "http://35.201.5.9:8080",
      "type": "string"
    }
  },
  "resources": [
    {
      "mode": "data",
      "type": "google_compute_subnetwork",
      "name": "nomad",
      "provider": "provider[\"registry.terraform.io/hashicorp/google\"]",
      "instances": [
        {
          "schema_version": 0,
          "attributes": {
            "description": "",
            "gateway_address": "10.152.0.1",
            "id": "projects/hc-e0c4d4af504d4dd097fa45c3cfd/regions/australia-southeast1/subnetworks/burkey-network",
            "ip_cidr_range": "10.152.0.0/20",
            "name": "burkey-network",
            "network": "https://www.googleapis.com/compute/v1/projects/hc-e0c4d4af504d4dd097fa45c3cfd/global/networks/burkey-network",
            "private_ip_google_access": false,
            "project": "hc-e0c4d4af504d4dd097fa45c3cfd",
            "region": "australia-southeast1",
            "secondary_ip_range": [],
            "self_link": "https://www.googleapis.com/compute/v1/projects/hc-e0c4d4af504d4dd097fa45c3cfd/regions/australia-southeast1/subnetworks/burkey-network"
          },
          "sensitive_attributes": []
        }
      ]
    },
    {
      "mode": "data",
      "type": "hcp_packer_image",
      "name": "nomad",
      "provider": "provider[\"registry.terraform.io/hashicorp/hcp\"]",
      "instances": [
        {
          "schema_version": 0,
          "attributes": {
            "bucket_name": "nomad-ubuntu",
            "build_id": "01G5NJKVDY5G7673AD52SM026Q",
            "cloud_image_id": "packer-1655360317",
            "cloud_provider": "gce",
            "component_type": "googlecompute.nomad-server",
            "created_at": "2022-06-16T06:18:38.910Z",
            "id": "01G5NJZZ40AD1KPGQ7SN92DWZC",
            "iteration_id": "01G5NJKTBP8EPNERB7G46RGXCW",
            "labels": {
              "disk_size_gb": "20",
              "licenses": "https://www.googleapis.com/compute/v1/projects/ubuntu-os-cloud/global/licenses/ubuntu-minimal-2004-lts",
              "machine_type": "n1-standard-1",
              "project_id": "hc-e0c4d4af504d4dd097fa45c3cfd",
              "self_link": "https://www.googleapis.com/compute/v1/projects/hc-e0c4d4af504d4dd097fa45c3cfd/global/images/packer-1655360317",
              "source_image": "ubuntu-minimal-2004-focal-v20220118"
            },
            "organization_id": "11eb5471-194c-0722-885d-0242ac110009",
            "packer_run_uuid": "58020ebb-3cdd-8608-daa0-83512e75e0ee",
            "project_id": "11eb5471-19a8-952e-885d-0242ac110009",
            "region": "australia-southeast1-b",
            "timeouts": null
          },
          "sensitive_attributes": []
        }
      ]
    },
    {
      "mode": "data",
      "type": "hcp_packer_iteration",
      "name": "hcp_nomad_packer",
      "provider": "provider[\"registry.terraform.io/hashicorp/hcp\"]",
      "instances": [
        {
          "schema_version": 0,
          "attributes": {
            "author_id": "packer",
            "bucket_name": "nomad-ubuntu",
            "channel": "deployment",
            "created_at": "2022-06-16T06:18:37.814Z",
            "fingerprint": "CC0E3BE4",
            "id": "01G5NJKTBP8EPNERB7G46RGXCW",
            "incremental_version": 2,
            "organization_id": "11eb5471-194c-0722-885d-0242ac110009",
            "project_id": "11eb5471-19a8-952e-885d-0242ac110009",
            "timeouts": null,
            "ulid": "01G5NJKTBP8EPNERB7G46RGXCW",
            "updated_at": "2022-06-16T06:25:15.937Z"
          },
          "sensitive_attributes": []
        }
      ]
    },
    {
      "mode": "managed",
      "type": "google_compute_address",
      "name": "nomad",
      "provider": "provider[\"registry.terraform.io/hashicorp/google\"]",
      "instances": [
        {
          "schema_version": 0,
          "attributes": {
            "address": "34.87.245.187",
            "address_type": "EXTERNAL",
            "creation_timestamp": "2022-06-21T18:41:39.341-07:00",
            "description": "",
            "id": "projects/hc-e0c4d4af504d4dd097fa45c3cfd/regions/australia-southeast1/addresses/nomad",
            "name": "nomad",
            "network": "",
            "network_tier": "PREMIUM",
            "prefix_length": 0,
            "project": "hc-e0c4d4af504d4dd097fa45c3cfd",
            "purpose": "",
            "region": "australia-southeast1",
            "self_link": "https://www.googleapis.com/compute/v1/projects/hc-e0c4d4af504d4dd097fa45c3cfd/regions/australia-southeast1/addresses/nomad",
            "subnetwork": "",
            "timeouts": null,
            "users": [
              "https://www.googleapis.com/compute/v1/projects/hc-e0c4d4af504d4dd097fa45c3cfd/regions/australia-southeast1/forwardingRules/nomad-ui-forwarding-rule"
            ]
          },
          "sensitive_attributes": [],
          "private": "eyJlMmJmYjczMC1lY2FhLTExZTYtOGY4OC0zNDM2M2JjN2M0YzAiOnsiY3JlYXRlIjoxMjAwMDAwMDAwMDAwLCJkZWxldGUiOjEyMDAwMDAwMDAwMDB9fQ=="
        }
      ]
    },
    {
      "mode": "managed",
      "type": "google_compute_address",
      "name": "server01",
      "provider": "provider[\"registry.terraform.io/hashicorp/google\"]",
      "instances": [
        {
          "schema_version": 0,
          "attributes": {
            "address": "35.244.119.107",
            "address_type": "EXTERNAL",
            "creation_timestamp": "2022-06-21T18:41:39.344-07:00",
            "description": "",
            "id": "projects/hc-e0c4d4af504d4dd097fa45c3cfd/regions/australia-southeast1/addresses/server01",
            "name": "server01",
            "network": "",
            "network_tier": "PREMIUM",
            "prefix_length": 0,
            "project": "hc-e0c4d4af504d4dd097fa45c3cfd",
            "purpose": "",
            "region": "australia-southeast1",
            "self_link": "https://www.googleapis.com/compute/v1/projects/hc-e0c4d4af504d4dd097fa45c3cfd/regions/australia-southeast1/addresses/server01",
            "subnetwork": "",
            "timeouts": null,
            "users": [
              "https://www.googleapis.com/compute/v1/projects/hc-e0c4d4af504d4dd097fa45c3cfd/zones/australia-southeast1-b/instances/bastion"
            ]
          },
          "sensitive_attributes": [],
          "private": "eyJlMmJmYjczMC1lY2FhLTExZTYtOGY4OC0zNDM2M2JjN2M0YzAiOnsiY3JlYXRlIjoxMjAwMDAwMDAwMDAwLCJkZWxldGUiOjEyMDAwMDAwMDAwMDB9fQ=="
        }
      ]
    },
    {
      "mode": "managed",
      "type": "google_compute_address",
      "name": "traefik",
      "provider": "provider[\"registry.terraform.io/hashicorp/google\"]",
      "instances": [
        {
          "schema_version": 0,
          "attributes": {
            "address": "35.201.5.9",
            "address_type": "EXTERNAL",
            "creation_timestamp": "2022-06-21T21:18:49.562-07:00",
            "description": "",
            "id": "projects/hc-e0c4d4af504d4dd097fa45c3cfd/regions/australia-southeast1/addresses/traefik",
            "name": "traefik",
            "network": "",
            "network_tier": "PREMIUM",
            "prefix_length": 0,
            "project": "hc-e0c4d4af504d4dd097fa45c3cfd",
            "purpose": "",
            "region": "australia-southeast1",
            "self_link": "https://www.googleapis.com/compute/v1/projects/hc-e0c4d4af504d4dd097fa45c3cfd/regions/australia-southeast1/addresses/traefik",
            "subnetwork": "",
            "timeouts": null,
            "users": []
          },
          "sensitive_attributes": [],
          "private": "eyJlMmJmYjczMC1lY2FhLTExZTYtOGY4OC0zNDM2M2JjN2M0YzAiOnsiY3JlYXRlIjoxMjAwMDAwMDAwMDAwLCJkZWxldGUiOjEyMDAwMDAwMDAwMDB9fQ=="
        }
      ]
    },
    {
      "mode": "managed",
      "type": "google_compute_disk",
      "name": "nomad",
      "provider": "provider[\"registry.terraform.io/hashicorp/google\"]",
      "instances": [
        {
          "schema_version": 0,
          "attributes": {
            "creation_timestamp": "2022-06-21T18:41:41.356-07:00",
            "description": "",
            "disk_encryption_key": [],
            "id": "projects/hc-e0c4d4af504d4dd097fa45c3cfd/zones/australia-southeast1-b/disks/node-disk",
            "image": "https://www.googleapis.com/compute/v1/projects/hc-e0c4d4af504d4dd097fa45c3cfd/global/images/packer-1655360317",
            "label_fingerprint": "42WmSpB8rSM=",
            "labels": {},
            "last_attach_timestamp": "2022-06-21T18:42:14.100-07:00",
            "last_detach_timestamp": "",
            "name": "node-disk",
            "physical_block_size_bytes": 4096,
            "project": "hc-e0c4d4af504d4dd097fa45c3cfd",
            "provisioned_iops": 0,
            "self_link": "https://www.googleapis.com/compute/v1/projects/hc-e0c4d4af504d4dd097fa45c3cfd/zones/australia-southeast1-b/disks/node-disk",
            "size": 20,
            "snapshot": "",
            "source_image_encryption_key": [],
            "source_image_id": "7705582008361513573",
            "source_snapshot_encryption_key": [],
            "source_snapshot_id": "",
            "timeouts": null,
            "type": "pd-standard",
            "users": [
              "https://www.googleapis.com/compute/v1/projects/hc-e0c4d4af504d4dd097fa45c3cfd/zones/australia-southeast1-b/instances/bastion"
            ],
            "zone": "australia-southeast1-b"
          },
          "sensitive_attributes": [],
          "private": "eyJlMmJmYjczMC1lY2FhLTExZTYtOGY4OC0zNDM2M2JjN2M0YzAiOnsiY3JlYXRlIjoxMjAwMDAwMDAwMDAwLCJkZWxldGUiOjEyMDAwMDAwMDAwMDAsInVwZGF0ZSI6MTIwMDAwMDAwMDAwMH19",
          "dependencies": [
            "data.hcp_packer_image.nomad",
            "data.hcp_packer_iteration.hcp_nomad_packer"
          ]
        }
      ]
    },
    {
      "mode": "managed",
      "type": "google_compute_firewall",
      "name": "firewall-lb-nomad",
      "provider": "provider[\"registry.terraform.io/hashicorp/google\"]",
      "instances": [
        {
          "schema_version": 1,
          "attributes": {
            "allow": [
              {
                "ports": [
                  "8080",
                  "8081",
                  "80",
                  "443"
                ],
                "protocol": "tcp"
              }
            ],
            "creation_timestamp": "2022-06-21T18:42:12.606-07:00",
            "deny": [],
            "description": "",
            "destination_ranges": [],
            "direction": "INGRESS",
            "disabled": false,
            "enable_logging": null,
            "id": "projects/hc-e0c4d4af504d4dd097fa45c3cfd/global/firewalls/lb-nomad",
            "log_config": [],
            "name": "lb-nomad",
            "network": "https://www.googleapis.com/compute/v1/projects/hc-e0c4d4af504d4dd097fa45c3cfd/global/networks/burkey-network",
            "priority": 1000,
            "project": "hc-e0c4d4af504d4dd097fa45c3cfd",
            "self_link": "https://www.googleapis.com/compute/v1/projects/hc-e0c4d4af504d4dd097fa45c3cfd/global/firewalls/lb-nomad",
            "source_ranges": [
              "120.148.55.102/32"
            ],
            "source_service_accounts": [],
            "source_tags": [],
            "target_service_accounts": [],
            "target_tags": [],
            "timeouts": null
          },
          "sensitive_attributes": [],
          "private": "eyJlMmJmYjczMC1lY2FhLTExZTYtOGY4OC0zNDM2M2JjN2M0YzAiOnsiY3JlYXRlIjoxMjAwMDAwMDAwMDAwLCJkZWxldGUiOjEyMDAwMDAwMDAwMDAsInVwZGF0ZSI6MTIwMDAwMDAwMDAwMH0sInNjaGVtYV92ZXJzaW9uIjoiMSJ9",
          "dependencies": [
            "google_compute_network.network"
          ]
        }
      ]
    },
    {
      "mode": "managed",
      "type": "google_compute_firewall",
      "name": "firewall-nomad",
      "provider": "provider[\"registry.terraform.io/hashicorp/google\"]",
      "instances": [
        {
          "schema_version": 1,
          "attributes": {
            "allow": [
              {
                "ports": [
                  "4646",
                  "4647",
                  "4848"
                ],
                "protocol": "tcp"
              },
              {
                "ports": [
                  "4647"
                ],
                "protocol": "udp"
              },
              {
                "ports": [
                  "8080",
                  "8081"
                ],
                "protocol": "tcp"
              },
              {
                "ports": [
                  "8500",
                  "8620",
                  "21000-21225",
                  "8300-8302"
                ],
                "protocol": "tcp"
              },
              {
                "ports": [
                  "8600",
                  "8300-8302"
                ],
                "protocol": "udp"
              },
              {
                "ports": [],
                "protocol": "icmp"
              }
            ],
            "creation_timestamp": "2022-06-21T18:42:12.564-07:00",
            "deny": [],
            "description": "",
            "destination_ranges": [],
            "direction": "INGRESS",
            "disabled": false,
            "enable_logging": null,
            "id": "projects/hc-e0c4d4af504d4dd097fa45c3cfd/global/firewalls/firewall-nomad",
            "log_config": [],
            "name": "firewall-nomad",
            "network": "https://www.googleapis.com/compute/v1/projects/hc-e0c4d4af504d4dd097fa45c3cfd/global/networks/burkey-network",
            "priority": 1000,
            "project": "hc-e0c4d4af504d4dd097fa45c3cfd",
            "self_link": "https://www.googleapis.com/compute/v1/projects/hc-e0c4d4af504d4dd097fa45c3cfd/global/firewalls/firewall-nomad",
            "source_ranges": [
              "120.148.55.102/32",
              "34.151.118.216/32"
            ],
            "source_service_accounts": [],
            "source_tags": [],
            "target_service_accounts": [],
            "target_tags": [],
            "timeouts": null
          },
          "sensitive_attributes": [],
          "private": "eyJlMmJmYjczMC1lY2FhLTExZTYtOGY4OC0zNDM2M2JjN2M0YzAiOnsiY3JlYXRlIjoxMjAwMDAwMDAwMDAwLCJkZWxldGUiOjEyMDAwMDAwMDAwMDAsInVwZGF0ZSI6MTIwMDAwMDAwMDAwMH0sInNjaGVtYV92ZXJzaW9uIjoiMSJ9",
          "dependencies": [
            "google_compute_network.network"
          ]
        }
      ]
    },
    {
      "mode": "managed",
      "type": "google_compute_firewall",
      "name": "firewall-ssh",
      "provider": "provider[\"registry.terraform.io/hashicorp/google\"]",
      "instances": [
        {
          "schema_version": 1,
          "attributes": {
            "allow": [
              {
                "ports": [
                  "22"
                ],
                "protocol": "tcp"
              }
            ],
            "creation_timestamp": "2022-06-21T18:42:12.563-07:00",
            "deny": [],
            "description": "",
            "destination_ranges": [],
            "direction": "INGRESS",
            "disabled": false,
            "enable_logging": null,
            "id": "projects/hc-e0c4d4af504d4dd097fa45c3cfd/global/firewalls/firewall-ssh",
            "log_config": [],
            "name": "firewall-ssh",
            "network": "https://www.googleapis.com/compute/v1/projects/hc-e0c4d4af504d4dd097fa45c3cfd/global/networks/burkey-network",
            "priority": 1000,
            "project": "hc-e0c4d4af504d4dd097fa45c3cfd",
            "self_link": "https://www.googleapis.com/compute/v1/projects/hc-e0c4d4af504d4dd097fa45c3cfd/global/firewalls/firewall-ssh",
            "source_ranges": [
              "120.148.55.102/32"
            ],
            "source_service_accounts": [],
            "source_tags": [],
            "target_service_accounts": [],
            "target_tags": [],
            "timeouts": null
          },
          "sensitive_attributes": [],
          "private": "eyJlMmJmYjczMC1lY2FhLTExZTYtOGY4OC0zNDM2M2JjN2M0YzAiOnsiY3JlYXRlIjoxMjAwMDAwMDAwMDAwLCJkZWxldGUiOjEyMDAwMDAwMDAwMDAsInVwZGF0ZSI6MTIwMDAwMDAwMDAwMH0sInNjaGVtYV92ZXJzaW9uIjoiMSJ9",
          "dependencies": [
            "google_compute_network.network"
          ]
        }
      ]
    },
    {
      "mode": "managed",
      "type": "google_compute_firewall",
      "name": "internal-all",
      "provider": "provider[\"registry.terraform.io/hashicorp/google\"]",
      "instances": [
        {
          "schema_version": 1,
          "attributes": {
            "allow": [
              {
                "ports": [
                  "22"
                ],
                "protocol": "tcp"
              },
              {
                "ports": [
                  "4646",
                  "4647",
                  "4648"
                ],
                "protocol": "tcp"
              },
              {
                "ports": [
                  "4647"
                ],
                "protocol": "udp"
              },
              {
                "ports": [
                  "8500",
                  "8600",
                  "8080",
                  "8081",
                  "21000-21225",
                  "8300-8302"
                ],
                "protocol": "tcp"
              },
              {
                "ports": [
                  "8600",
                  "8300-8302"
                ],
                "protocol": "udp"
              },
              {
                "ports": [],
                "protocol": "icmp"
              }
            ],
            "creation_timestamp": "2022-06-21T18:42:12.541-07:00",
            "deny": [],
            "description": "",
            "destination_ranges": [],
            "direction": "INGRESS",
            "disabled": false,
            "enable_logging": null,
            "id": "projects/hc-e0c4d4af504d4dd097fa45c3cfd/global/firewalls/internal-all",
            "log_config": [],
            "name": "internal-all",
            "network": "https://www.googleapis.com/compute/v1/projects/hc-e0c4d4af504d4dd097fa45c3cfd/global/networks/burkey-network",
            "priority": 1000,
            "project": "hc-e0c4d4af504d4dd097fa45c3cfd",
            "self_link": "https://www.googleapis.com/compute/v1/projects/hc-e0c4d4af504d4dd097fa45c3cfd/global/firewalls/internal-all",
            "source_ranges": [
              "10.128.0.0/9"
            ],
            "source_service_accounts": [],
            "source_tags": [],
            "target_service_accounts": [],
            "target_tags": [],
            "timeouts": null
          },
          "sensitive_attributes": [],
          "private": "eyJlMmJmYjczMC1lY2FhLTExZTYtOGY4OC0zNDM2M2JjN2M0YzAiOnsiY3JlYXRlIjoxMjAwMDAwMDAwMDAwLCJkZWxldGUiOjEyMDAwMDAwMDAwMDAsInVwZGF0ZSI6MTIwMDAwMDAwMDAwMH0sInNjaGVtYV92ZXJzaW9uIjoiMSJ9",
          "dependencies": [
            "google_compute_network.network"
          ]
        }
      ]
    },
    {
      "mode": "managed",
      "type": "google_compute_forwarding_rule",
      "name": "default",
      "provider": "provider[\"registry.terraform.io/hashicorp/google\"]",
      "instances": [
        {
          "schema_version": 0,
          "attributes": {
            "all_ports": false,
            "allow_global_access": false,
            "backend_service": "projects/hc-e0c4d4af504d4dd097fa45c3cfd/regions/australia-southeast1/backendServices/backend-service",
            "creation_timestamp": "2022-06-21T18:43:15.831-07:00",
            "description": "",
            "id": "projects/hc-e0c4d4af504d4dd097fa45c3cfd/regions/australia-southeast1/forwardingRules/nomad-ui-forwarding-rule",
            "ip_address": "34.87.245.187",
            "ip_protocol": "TCP",
            "is_mirroring_collector": false,
            "label_fingerprint": "42WmSpB8rSM=",
            "labels": {},
            "load_balancing_scheme": "EXTERNAL",
            "name": "nomad-ui-forwarding-rule",
            "network": "",
            "network_tier": "PREMIUM",
            "port_range": "4646",
            "ports": [],
            "project": "hc-e0c4d4af504d4dd097fa45c3cfd",
            "region": "australia-southeast1",
            "self_link": "https://www.googleapis.com/compute/v1/projects/hc-e0c4d4af504d4dd097fa45c3cfd/regions/australia-southeast1/forwardingRules/nomad-ui-forwarding-rule",
            "service_directory_registrations": [],
            "service_label": "",
            "service_name": "",
            "subnetwork": "",
            "target": "",
            "timeouts": null
          },
          "sensitive_attributes": [],
          "private": "eyJlMmJmYjczMC1lY2FhLTExZTYtOGY4OC0zNDM2M2JjN2M0YzAiOnsiY3JlYXRlIjoxMjAwMDAwMDAwMDAwLCJkZWxldGUiOjEyMDAwMDAwMDAwMDAsInVwZGF0ZSI6MTIwMDAwMDAwMDAwMH19",
          "dependencies": [
            "data.google_compute_subnetwork.nomad",
            "google_compute_address.nomad",
            "google_compute_instance_template.nomad_server",
            "google_compute_region_instance_group_manager.nomad_server",
            "data.hcp_packer_image.nomad",
            "data.hcp_packer_iteration.hcp_nomad_packer",
            "google_compute_network.network",
            "google_compute_region_backend_service.default",
            "google_compute_region_health_check.nomadui",
            "google_service_account.nomad_node",
            "random_string.nomad"
          ]
        }
      ]
    },
    {
      "mode": "managed",
      "type": "google_compute_forwarding_rule",
      "name": "ssh",
      "provider": "provider[\"registry.terraform.io/hashicorp/google\"]",
      "instances": [
        {
          "schema_version": 0,
          "attributes": {
            "all_ports": false,
            "allow_global_access": false,
            "backend_service": "projects/hc-e0c4d4af504d4dd097fa45c3cfd/regions/australia-southeast1/backendServices/bastion-service",
            "creation_timestamp": "2022-06-21T18:43:14.534-07:00",
            "description": "",
            "id": "projects/hc-e0c4d4af504d4dd097fa45c3cfd/regions/australia-southeast1/forwardingRules/ssh",
            "ip_address": "34.151.116.29",
            "ip_protocol": "TCP",
            "is_mirroring_collector": false,
            "label_fingerprint": "42WmSpB8rSM=",
            "labels": {},
            "load_balancing_scheme": "EXTERNAL",
            "name": "ssh",
            "network": "",
            "network_tier": "PREMIUM",
            "port_range": "22",
            "ports": [],
            "project": "hc-e0c4d4af504d4dd097fa45c3cfd",
            "region": "australia-southeast1",
            "self_link": "https://www.googleapis.com/compute/v1/projects/hc-e0c4d4af504d4dd097fa45c3cfd/regions/australia-southeast1/forwardingRules/ssh",
            "service_directory_registrations": [],
            "service_label": "",
            "service_name": "",
            "subnetwork": "",
            "target": "",
            "timeouts": null
          },
          "sensitive_attributes": [],
          "private": "eyJlMmJmYjczMC1lY2FhLTExZTYtOGY4OC0zNDM2M2JjN2M0YzAiOnsiY3JlYXRlIjoxMjAwMDAwMDAwMDAwLCJkZWxldGUiOjEyMDAwMDAwMDAwMDAsInVwZGF0ZSI6MTIwMDAwMDAwMDAwMH19",
          "dependencies": [
            "google_compute_region_health_check.bastion",
            "random_string.nomad",
            "data.hcp_packer_image.nomad",
            "google_compute_network.network",
            "google_compute_disk.nomad",
            "google_compute_instance.server01",
            "google_compute_instance_group.bastion",
            "google_compute_region_backend_service.bastion_backend",
            "google_service_account.nomad_node",
            "data.hcp_packer_iteration.hcp_nomad_packer",
            "google_compute_address.server01"
          ]
        }
      ]
    },
    {
      "mode": "managed",
      "type": "google_compute_forwarding_rule",
      "name": "traefik",
      "provider": "provider[\"registry.terraform.io/hashicorp/google\"]",
      "instances": [
        {
          "schema_version": 0,
          "attributes": {
            "all_ports": false,
            "allow_global_access": false,
            "backend_service": "projects/hc-e0c4d4af504d4dd097fa45c3cfd/regions/australia-southeast1/backendServices/nomad-client-service",
            "creation_timestamp": "2022-06-21T21:21:12.554-07:00",
            "description": "",
            "id": "projects/hc-e0c4d4af504d4dd097fa45c3cfd/regions/australia-southeast1/forwardingRules/traefik",
            "ip_address": "35.201.5.9",
            "ip_protocol": "TCP",
            "is_mirroring_collector": false,
            "label_fingerprint": "42WmSpB8rSM=",
            "labels": null,
            "load_balancing_scheme": "EXTERNAL",
            "name": "traefik",
            "network": "",
            "network_tier": "PREMIUM",
            "port_range": "8080",
            "ports": null,
            "project": "hc-e0c4d4af504d4dd097fa45c3cfd",
            "region": "australia-southeast1",
            "self_link": "https://www.googleapis.com/compute/v1/projects/hc-e0c4d4af504d4dd097fa45c3cfd/regions/australia-southeast1/forwardingRules/traefik",
            "service_directory_registrations": [],
            "service_label": "",
            "service_name": "",
            "subnetwork": "",
            "target": "",
            "timeouts": null
          },
          "sensitive_attributes": [],
          "private": "eyJlMmJmYjczMC1lY2FhLTExZTYtOGY4OC0zNDM2M2JjN2M0YzAiOnsiY3JlYXRlIjoxMjAwMDAwMDAwMDAwLCJkZWxldGUiOjEyMDAwMDAwMDAwMDAsInVwZGF0ZSI6MTIwMDAwMDAwMDAwMH19",
          "dependencies": [
            "google_compute_address.traefik",
            "google_compute_region_backend_service.nomad_client"
          ]
        }
      ]
    },
    {
      "mode": "managed",
      "type": "google_compute_instance",
      "name": "server01",
      "provider": "provider[\"registry.terraform.io/hashicorp/google\"]",
      "instances": [
        {
          "schema_version": 6,
          "attributes": {
            "advanced_machine_features": [],
            "allow_stopping_for_update": true,
            "attached_disk": [],
            "boot_disk": [
              {
                "auto_delete": true,
                "device_name": "persistent-disk-0",
                "disk_encryption_key_raw": "",
                "disk_encryption_key_sha256": "",
                "initialize_params": [
                  {
                    "image": "https://www.googleapis.com/compute/v1/projects/hc-e0c4d4af504d4dd097fa45c3cfd/global/images/packer-1655360317",
                    "labels": {},
                    "size": 20,
                    "type": "pd-standard"
                  }
                ],
                "kms_key_self_link": "",
                "mode": "READ_WRITE",
                "source": "https://www.googleapis.com/compute/v1/projects/hc-e0c4d4af504d4dd097fa45c3cfd/zones/australia-southeast1-b/disks/node-disk"
              }
            ],
            "can_ip_forward": false,
            "confidential_instance_config": [],
            "cpu_platform": "Intel Broadwell",
            "current_status": "RUNNING",
            "deletion_protection": false,
            "description": "",
            "desired_status": null,
            "enable_display": false,
            "guest_accelerator": [],
            "hostname": "",
            "id": "projects/hc-e0c4d4af504d4dd097fa45c3cfd/zones/australia-southeast1-b/instances/bastion",
            "instance_id": "513216215269756314",
            "label_fingerprint": "42WmSpB8rSM=",
            "labels": {},
            "machine_type": "e2-micro",
            "metadata": {
              "ssh-keys": "ssh-rsa AAAAB3NzaC1yc2EAAAADAQABAAABgQC8xYZMmdFegfk4NCog1casM50GMQOzunGt1gjO0TNLPI4aJvfwL3BDyEMmvzvkyLKlAxhuQ9nPjYW5X6BK1kihHIBgpz3lweaXJWE0ITJEGjLpniSBvvXsQQA/Dq7wIc/l383aEaiqYDzmUhcndBkCPcHPd7WyGTQJl76Oh+ot0gabQzy/qfXdZNCnAIyCrVV9ZVlZmvEVcPLWq2wtP3y/9m027GVTh01KxaZjVHvT5gvjsniN3ZI908HsSTTwHXykXQQCTIOTfKPVvpr3lSiFomzGKVLQU8bkRz86ICn5UlXUNlzgNQbRA/JBM2W+o8XbzYhyoL+srQ7upPuWkcRrYYNnCk6Ag9fnUXTFAjOJdKZdhrxF2AuM/uEp+M0JwSwsCgilnm5nztZfRf9QHgKuYAvelu4325TtazIPXUiwXAsIKCl0UyWI5YTRu3lO8P3fpG0HyMIG1y0MukTMUEP13kp3sqjif374JIKdThksjEetIYw2H9DU5WEVVXrHXUs= burkey@erebor.local"
            },
            "metadata_fingerprint": "m4XULSPP2cc=",
            "metadata_startup_script": null,
            "min_cpu_platform": "",
            "name": "bastion",
            "network_interface": [
              {
                "access_config": [
                  {
                    "nat_ip": "35.244.119.107",
                    "network_tier": "PREMIUM",
                    "public_ptr_domain_name": ""
                  }
                ],
                "alias_ip_range": [],
                "ipv6_access_config": [],
                "ipv6_access_type": "",
                "name": "nic0",
                "network": "https://www.googleapis.com/compute/v1/projects/hc-e0c4d4af504d4dd097fa45c3cfd/global/networks/burkey-network",
                "network_ip": "10.152.0.2",
                "nic_type": "",
                "queue_count": 0,
                "stack_type": "IPV4_ONLY",
                "subnetwork": "https://www.googleapis.com/compute/v1/projects/hc-e0c4d4af504d4dd097fa45c3cfd/regions/australia-southeast1/subnetworks/burkey-network",
                "subnetwork_project": "hc-e0c4d4af504d4dd097fa45c3cfd"
              }
            ],
            "project": "hc-e0c4d4af504d4dd097fa45c3cfd",
            "reservation_affinity": [],
            "resource_policies": [],
            "scheduling": [
              {
                "automatic_restart": true,
                "min_node_cpus": 0,
                "node_affinities": [],
                "on_host_maintenance": "MIGRATE",
                "preemptible": false,
                "provisioning_model": "STANDARD"
              }
            ],
            "scratch_disk": [],
            "self_link": "https://www.googleapis.com/compute/v1/projects/hc-e0c4d4af504d4dd097fa45c3cfd/zones/australia-southeast1-b/instances/bastion",
            "service_account": [
              {
                "email": "pxjpnryvaqvbzxgn@hc-e0c4d4af504d4dd097fa45c3cfd.iam.gserviceaccount.com",
                "scopes": [
                  "https://www.googleapis.com/auth/cloud-platform"
                ]
              }
            ],
            "shielded_instance_config": [
              {
                "enable_integrity_monitoring": true,
                "enable_secure_boot": false,
                "enable_vtpm": true
              }
            ],
            "tags": [
              "bastion"
            ],
            "tags_fingerprint": "NfTTNVh6sLU=",
            "timeouts": null,
            "zone": "australia-southeast1-b"
          },
          "sensitive_attributes": [],
          "private": "eyJlMmJmYjczMC1lY2FhLTExZTYtOGY4OC0zNDM2M2JjN2M0YzAiOnsiY3JlYXRlIjoxMjAwMDAwMDAwMDAwLCJkZWxldGUiOjEyMDAwMDAwMDAwMDAsInVwZGF0ZSI6MTIwMDAwMDAwMDAwMH0sInNjaGVtYV92ZXJzaW9uIjoiNiJ9",
          "dependencies": [
            "data.hcp_packer_iteration.hcp_nomad_packer",
            "google_compute_address.server01",
            "google_compute_disk.nomad",
            "google_compute_network.network",
            "google_service_account.nomad_node",
            "random_string.nomad",
            "data.hcp_packer_image.nomad"
          ]
        }
      ]
    },
    {
      "mode": "managed",
      "type": "google_compute_instance_group",
      "name": "bastion",
      "provider": "provider[\"registry.terraform.io/hashicorp/google\"]",
      "instances": [
        {
          "schema_version": 2,
          "attributes": {
            "description": "bastion",
            "id": "projects/hc-e0c4d4af504d4dd097fa45c3cfd/zones/australia-southeast1-b/instanceGroups/bastion-compute-instance-group",
            "instances": [
              "https://www.googleapis.com/compute/v1/projects/hc-e0c4d4af504d4dd097fa45c3cfd/zones/australia-southeast1-b/instances/bastion"
            ],
            "name": "bastion-compute-instance-group",
            "named_port": [
              {
                "name": "bastion-ssh",
                "port": 443
              }
            ],
            "network": "https://www.googleapis.com/compute/v1/projects/hc-e0c4d4af504d4dd097fa45c3cfd/global/networks/burkey-network",
            "project": "hc-e0c4d4af504d4dd097fa45c3cfd",
            "self_link": "https://www.googleapis.com/compute/v1/projects/hc-e0c4d4af504d4dd097fa45c3cfd/zones/australia-southeast1-b/instanceGroups/bastion-compute-instance-group",
            "size": 1,
            "timeouts": null,
            "zone": "australia-southeast1-b"
          },
          "sensitive_attributes": [],
          "private": "eyJlMmJmYjczMC1lY2FhLTExZTYtOGY4OC0zNDM2M2JjN2M0YzAiOnsiY3JlYXRlIjozNjAwMDAwMDAwMDAsImRlbGV0ZSI6MzYwMDAwMDAwMDAwLCJ1cGRhdGUiOjM2MDAwMDAwMDAwMH0sInNjaGVtYV92ZXJzaW9uIjoiMiJ9",
          "dependencies": [
            "google_compute_address.server01",
            "google_compute_disk.nomad",
            "google_compute_instance.server01",
            "google_compute_network.network",
            "google_service_account.nomad_node",
            "random_string.nomad",
            "data.hcp_packer_image.nomad",
            "data.hcp_packer_iteration.hcp_nomad_packer"
          ]
        }
      ]
    },
    {
      "mode": "managed",
      "type": "google_compute_instance_template",
      "name": "nomad_client",
      "provider": "provider[\"registry.terraform.io/hashicorp/google\"]",
      "instances": [
        {
          "schema_version": 1,
          "attributes": {
            "advanced_machine_features": [],
            "can_ip_forward": false,
            "confidential_instance_config": [],
            "description": "",
            "disk": [
              {
                "auto_delete": true,
                "boot": true,
                "device_name": "persistent-disk-0",
                "disk_encryption_key": [],
                "disk_name": "",
                "disk_size_gb": 0,
                "disk_type": "pd-standard",
                "interface": "SCSI",
                "labels": {},
                "mode": "READ_WRITE",
                "resource_policies": [],
                "source": "",
                "source_image": "projects/hc-e0c4d4af504d4dd097fa45c3cfd/global/images/packer-1655360317",
                "type": "PERSISTENT"
              }
            ],
            "guest_accelerator": [],
            "id": "projects/hc-e0c4d4af504d4dd097fa45c3cfd/global/instanceTemplates/nomad-client20220622014213341000000002",
            "instance_description": "",
            "labels": {
              "consul": "client",
              "nomad": "client"
            },
            "machine_type": "e2-small",
            "metadata": {
              "ssh-keys": "ssh-rsa AAAAB3NzaC1yc2EAAAADAQABAAABgQC8xYZMmdFegfk4NCog1casM50GMQOzunGt1gjO0TNLPI4aJvfwL3BDyEMmvzvkyLKlAxhuQ9nPjYW5X6BK1kihHIBgpz3lweaXJWE0ITJEGjLpniSBvvXsQQA/Dq7wIc/l383aEaiqYDzmUhcndBkCPcHPd7WyGTQJl76Oh+ot0gabQzy/qfXdZNCnAIyCrVV9ZVlZmvEVcPLWq2wtP3y/9m027GVTh01KxaZjVHvT5gvjsniN3ZI908HsSTTwHXykXQQCTIOTfKPVvpr3lSiFomzGKVLQU8bkRz86ICn5UlXUNlzgNQbRA/JBM2W+o8XbzYhyoL+srQ7upPuWkcRrYYNnCk6Ag9fnUXTFAjOJdKZdhrxF2AuM/uEp+M0JwSwsCgilnm5nztZfRf9QHgKuYAvelu4325TtazIPXUiwXAsIKCl0UyWI5YTRu3lO8P3fpG0HyMIG1y0MukTMUEP13kp3sqjif374JIKdThksjEetIYw2H9DU5WEVVXrHXUs= burkey@erebor.local"
            },
            "metadata_fingerprint": "_2xgR5InCm0=",
            "metadata_startup_script": "hostname=$(hostname)\n\n#Generate config file\ncat \u003c\u003cEOF \u003e /etc/nomad.d/nomad.hcl\n#NOMAD CONFIGURATION\nbind_addr = \"0.0.0.0\"\nadvertise {\n  http = \"{{GetInterfaceIP \\\"ens4\\\"}}\"\n  rpc  = \"{{GetInterfaceIP \\\"ens4\\\"}}\"\n  serf = \"{{GetInterfaceIP \\\"ens4\\\"}}\"\n}\n\ndata_dir = \"/opt/nomad/data/\"\ndatacenter = \"DC\"\nregion = \"southeast\"\nenable_syslog = \"true\"\nsyslog_facility = \"LOCAL0\"\nlog_level = \"INFO\"\n\nclient {\n  enabled = true\n  server_join {\n    retry_join = [\"provider=gce project_name=hc-e0c4d4af504d4dd097fa45c3cfd tag_value=nomad-server\"]\n    retry_max = 3\n    retry_interval = \"15s\"\n  }\n}\ntelemetry {\n collection_interval = \"5s\",\n publish_allocation_metrics = true,\n publish_node_metrics = true,\n prometheus_metrics = true\n}\nplugin \"nvidia-gpu\" {\n  config {\n    enabled            = false\n    ignored_gpu_ids    = [\"GPU-fef8089b\", \"GPU-ac81e44d\"]\n    fingerprint_period = \"1m\"\n  }\n}\nEOF\n\n\n\n# Install the consul as a service for systemd on linux\n# IN PACKER IMAGE\n\n# Finish service configuration for nomad and start the service\nsudo chown nomad:nomad /etc/nomad.d/server.hcl\nsudo chmod 664 /etc/systemd/system/nomad.service\nsudo systemctl daemon-reload\nsudo systemctl enable nomad\nsudo systemctl start nomad",
            "min_cpu_platform": "",
            "name": "nomad-client20220622014213341000000002",
            "name_prefix": "nomad-client",
            "network_interface": [
              {
                "access_config": [],
                "alias_ip_range": [],
                "ipv6_access_config": [],
                "ipv6_access_type": "",
                "name": "nic0",
                "network": "https://www.googleapis.com/compute/v1/projects/hc-e0c4d4af504d4dd097fa45c3cfd/global/networks/burkey-network",
                "network_ip": "",
                "nic_type": "",
                "queue_count": 0,
                "stack_type": "",
                "subnetwork": "https://www.googleapis.com/compute/v1/projects/hc-e0c4d4af504d4dd097fa45c3cfd/regions/australia-southeast1/subnetworks/burkey-network",
                "subnetwork_project": "hc-e0c4d4af504d4dd097fa45c3cfd"
              }
            ],
            "project": "hc-e0c4d4af504d4dd097fa45c3cfd",
            "region": "australia-southeast1",
            "reservation_affinity": [],
            "scheduling": [
              {
                "automatic_restart": true,
                "min_node_cpus": 0,
                "node_affinities": [],
                "on_host_maintenance": "MIGRATE",
                "preemptible": false,
                "provisioning_model": "STANDARD"
              }
            ],
            "self_link": "https://www.googleapis.com/compute/v1/projects/hc-e0c4d4af504d4dd097fa45c3cfd/global/instanceTemplates/nomad-client20220622014213341000000002",
            "service_account": [
              {
                "email": "pxjpnryvaqvbzxgn@hc-e0c4d4af504d4dd097fa45c3cfd.iam.gserviceaccount.com",
                "scopes": [
                  "https://www.googleapis.com/auth/cloud-platform"
                ]
              }
            ],
            "shielded_instance_config": [],
            "tags": [
              "nomad-server"
            ],
            "tags_fingerprint": "",
            "timeouts": null
          },
          "sensitive_attributes": [],
          "private": "eyJlMmJmYjczMC1lY2FhLTExZTYtOGY4OC0zNDM2M2JjN2M0YzAiOnsiY3JlYXRlIjoyNDAwMDAwMDAwMDAsImRlbGV0ZSI6MjQwMDAwMDAwMDAwfSwic2NoZW1hX3ZlcnNpb24iOiIxIn0=",
          "dependencies": [
            "random_string.nomad",
            "data.google_compute_subnetwork.nomad",
            "data.hcp_packer_image.nomad",
            "data.hcp_packer_iteration.hcp_nomad_packer",
            "google_compute_network.network",
            "google_service_account.nomad_node"
          ],
          "create_before_destroy": true
        }
      ]
    },
    {
      "mode": "managed",
      "type": "google_compute_instance_template",
      "name": "nomad_server",
      "provider": "provider[\"registry.terraform.io/hashicorp/google\"]",
      "instances": [
        {
          "schema_version": 1,
          "attributes": {
            "advanced_machine_features": [],
            "can_ip_forward": false,
            "confidential_instance_config": [],
            "description": "",
            "disk": [
              {
                "auto_delete": true,
                "boot": true,
                "device_name": "persistent-disk-0",
                "disk_encryption_key": [],
                "disk_name": "",
                "disk_size_gb": 0,
                "disk_type": "pd-standard",
                "interface": "SCSI",
                "labels": {},
                "mode": "READ_WRITE",
                "resource_policies": [],
                "source": "",
                "source_image": "projects/hc-e0c4d4af504d4dd097fa45c3cfd/global/images/packer-1655360317",
                "type": "PERSISTENT"
              }
            ],
            "guest_accelerator": [],
            "id": "projects/hc-e0c4d4af504d4dd097fa45c3cfd/global/instanceTemplates/nomad-server20220622014212862700000001",
            "instance_description": "",
            "labels": {
              "consul": "server",
              "nomad": "server"
            },
            "machine_type": "e2-small",
            "metadata": {
              "ssh-keys": "ssh-rsa AAAAB3NzaC1yc2EAAAADAQABAAABgQC8xYZMmdFegfk4NCog1casM50GMQOzunGt1gjO0TNLPI4aJvfwL3BDyEMmvzvkyLKlAxhuQ9nPjYW5X6BK1kihHIBgpz3lweaXJWE0ITJEGjLpniSBvvXsQQA/Dq7wIc/l383aEaiqYDzmUhcndBkCPcHPd7WyGTQJl76Oh+ot0gabQzy/qfXdZNCnAIyCrVV9ZVlZmvEVcPLWq2wtP3y/9m027GVTh01KxaZjVHvT5gvjsniN3ZI908HsSTTwHXykXQQCTIOTfKPVvpr3lSiFomzGKVLQU8bkRz86ICn5UlXUNlzgNQbRA/JBM2W+o8XbzYhyoL+srQ7upPuWkcRrYYNnCk6Ag9fnUXTFAjOJdKZdhrxF2AuM/uEp+M0JwSwsCgilnm5nztZfRf9QHgKuYAvelu4325TtazIPXUiwXAsIKCl0UyWI5YTRu3lO8P3fpG0HyMIG1y0MukTMUEP13kp3sqjif374JIKdThksjEetIYw2H9DU5WEVVXrHXUs= burkey@erebor.local"
            },
            "metadata_fingerprint": "TrnNebG85v0=",
            "metadata_startup_script": "hostname=$(hostname)\n\n#Generate config file\ncat \u003c\u003cEOF \u003e /etc/nomad.d/nomad.hcl\n#NOMAD CONFIGURATION\nbind_addr = \"0.0.0.0\"\nadvertise {\n  http = \"{{GetInterfaceIP \\\"ens4\\\"}}\"\n  rpc  = \"{{GetInterfaceIP \\\"ens4\\\"}}\"\n  serf = \"{{GetInterfaceIP \\\"ens4\\\"}}\"\n}\nui {\n  enabled = true\n  vault {\n    ui_url = \"https://vault-plus.vault.11eb5471-19a8-952e-885d-0242ac110009.aws.hashicorp.cloud:8200\"\n  }\n}\ndata_dir = \"/opt/nomad/data/\"\ndatacenter = \"DC\"\nregion = \"southeast\"\nenable_syslog = \"true\"\nsyslog_facility = \"LOCAL0\"\nlog_level = \"INFO\"\n\nserver {\n  enabled          = true\n  license_path = \"/etc/nomad.d/license.hclic\"\n  bootstrap_expect = 3\n  authoritative_region = \"southeast\"\n  server_join {\n    retry_join = [\"provider=gce project_name=hc-e0c4d4af504d4dd097fa45c3cfd tag_value=nomad-server\"]\n    retry_max = 3\n    retry_interval = \"15s\"\n  }\n}\n\nacl {\n  enabled = \"true\"\n  token_ttl = \"300s\"\n  policy_ttl = \"600s\"\n}\naudit {\n  enabled = \"true\"\n}\ntelemetry {\n collection_interval = \"5s\",\n publish_allocation_metrics = true,\n publish_node_metrics = true,\n prometheus_metrics = true\n}\n\nEOF\n\n\n\n# Finish service configuration for nomad and start the service\nsudo chown nomad:nomad /etc/nomad.d/license.hclic\nsudo chown nomad:nomad /etc/nomad.d/server.hcl\nsudo chmod 664 /etc/systemd/system/nomad.service\nsudo systemctl daemon-reload\nsudo systemctl enable nomad\nsudo systemctl start nomad",
            "min_cpu_platform": "",
            "name": "nomad-server20220622014212862700000001",
            "name_prefix": "nomad-server",
            "network_interface": [
              {
                "access_config": [],
                "alias_ip_range": [],
                "ipv6_access_config": [],
                "ipv6_access_type": "",
                "name": "nic0",
                "network": "https://www.googleapis.com/compute/v1/projects/hc-e0c4d4af504d4dd097fa45c3cfd/global/networks/burkey-network",
                "network_ip": "",
                "nic_type": "",
                "queue_count": 0,
                "stack_type": "",
                "subnetwork": "https://www.googleapis.com/compute/v1/projects/hc-e0c4d4af504d4dd097fa45c3cfd/regions/australia-southeast1/subnetworks/burkey-network",
                "subnetwork_project": "hc-e0c4d4af504d4dd097fa45c3cfd"
              }
            ],
            "project": "hc-e0c4d4af504d4dd097fa45c3cfd",
            "region": "australia-southeast1",
            "reservation_affinity": [],
            "scheduling": [
              {
                "automatic_restart": true,
                "min_node_cpus": 0,
                "node_affinities": [],
                "on_host_maintenance": "MIGRATE",
                "preemptible": false,
                "provisioning_model": "STANDARD"
              }
            ],
            "self_link": "https://www.googleapis.com/compute/v1/projects/hc-e0c4d4af504d4dd097fa45c3cfd/global/instanceTemplates/nomad-server20220622014212862700000001",
            "service_account": [
              {
                "email": "pxjpnryvaqvbzxgn@hc-e0c4d4af504d4dd097fa45c3cfd.iam.gserviceaccount.com",
                "scopes": [
                  "https://www.googleapis.com/auth/cloud-platform"
                ]
              }
            ],
            "shielded_instance_config": [],
            "tags": [
              "consul-server",
              "nomad-server"
            ],
            "tags_fingerprint": "",
            "timeouts": null
          },
          "sensitive_attributes": [],
          "private": "eyJlMmJmYjczMC1lY2FhLTExZTYtOGY4OC0zNDM2M2JjN2M0YzAiOnsiY3JlYXRlIjoyNDAwMDAwMDAwMDAsImRlbGV0ZSI6MjQwMDAwMDAwMDAwfSwic2NoZW1hX3ZlcnNpb24iOiIxIn0=",
          "dependencies": [
            "random_string.nomad",
            "data.google_compute_subnetwork.nomad",
            "data.hcp_packer_image.nomad",
            "data.hcp_packer_iteration.hcp_nomad_packer",
            "google_compute_network.network",
            "google_service_account.nomad_node"
          ],
          "create_before_destroy": true
        }
      ]
    },
    {
      "mode": "managed",
      "type": "google_compute_network",
      "name": "network",
      "provider": "provider[\"registry.terraform.io/hashicorp/google\"]",
      "instances": [
        {
          "schema_version": 0,
          "attributes": {
            "auto_create_subnetworks": true,
            "delete_default_routes_on_create": false,
            "description": "Network for Nomad",
            "enable_ula_internal_ipv6": false,
            "gateway_ipv4": "",
            "id": "projects/hc-e0c4d4af504d4dd097fa45c3cfd/global/networks/burkey-network",
            "internal_ipv6_range": "",
            "mtu": 1500,
            "name": "burkey-network",
            "project": "hc-e0c4d4af504d4dd097fa45c3cfd",
            "routing_mode": "REGIONAL",
            "self_link": "https://www.googleapis.com/compute/v1/projects/hc-e0c4d4af504d4dd097fa45c3cfd/global/networks/burkey-network",
            "timeouts": null
          },
          "sensitive_attributes": [],
          "private": "eyJlMmJmYjczMC1lY2FhLTExZTYtOGY4OC0zNDM2M2JjN2M0YzAiOnsiY3JlYXRlIjoxMjAwMDAwMDAwMDAwLCJkZWxldGUiOjEyMDAwMDAwMDAwMDAsInVwZGF0ZSI6MTIwMDAwMDAwMDAwMH19",
          "create_before_destroy": true
        }
      ]
    },
    {
      "mode": "managed",
      "type": "google_compute_project_metadata",
      "name": "burkey",
      "provider": "provider[\"registry.terraform.io/hashicorp/google\"]",
      "instances": [
        {
          "schema_version": 0,
          "attributes": {
            "id": "hc-e0c4d4af504d4dd097fa45c3cfd",
            "metadata": {
              "ssh-keys": "        ubuntu:ssh-rsa AAAAB3NzaC1yc2EAAAADAQABAAABgQC8xYZMmdFegfk4NCog1casM50GMQOzunGt1gjO0TNLPI4aJvfwL3BDyEMmvzvkyLKlAxhuQ9nPjYW5X6BK1kihHIBgpz3lweaXJWE0ITJEGjLpniSBvvXsQQA/Dq7wIc/l383aEaiqYDzmUhcndBkCPcHPd7WyGTQJl76Oh+ot0gabQzy/qfXdZNCnAIyCrVV9ZVlZmvEVcPLWq2wtP3y/9m027GVTh01KxaZjVHvT5gvjsniN3ZI908HsSTTwHXykXQQCTIOTfKPVvpr3lSiFomzGKVLQU8bkRz86ICn5UlXUNlzgNQbRA/JBM2W+o8XbzYhyoL+srQ7upPuWkcRrYYNnCk6Ag9fnUXTFAjOJdKZdhrxF2AuM/uEp+M0JwSwsCgilnm5nztZfRf9QHgKuYAvelu4325TtazIPXUiwXAsIKCl0UyWI5YTRu3lO8P3fpG0HyMIG1y0MukTMUEP13kp3sqjif374JIKdThksjEetIYw2H9DU5WEVVXrHXUs= burkey@erebor.local\n"
            },
            "project": "hc-e0c4d4af504d4dd097fa45c3cfd",
            "timeouts": null
          },
          "sensitive_attributes": [],
          "private": "eyJlMmJmYjczMC1lY2FhLTExZTYtOGY4OC0zNDM2M2JjN2M0YzAiOnsiY3JlYXRlIjoyNDAwMDAwMDAwMDAsImRlbGV0ZSI6MjQwMDAwMDAwMDAwfX0="
        }
      ]
    },
    {
      "mode": "managed",
      "type": "google_compute_region_autoscaler",
      "name": "nomad_client",
      "provider": "provider[\"registry.terraform.io/hashicorp/google\"]",
      "instances": [
        {
          "schema_version": 0,
          "attributes": {
            "autoscaling_policy": [
              {
                "cooldown_period": 60,
                "cpu_utilization": [
                  {
                    "predictive_method": "NONE",
                    "target": 0.6
                  }
                ],
                "load_balancing_utilization": [],
                "max_replicas": 10,
                "metric": [],
                "min_replicas": 2,
                "mode": "ON",
                "scale_in_control": [],
                "scaling_schedules": []
              }
            ],
            "creation_timestamp": "2022-06-21T18:43:01.174-07:00",
            "description": "",
            "id": "projects/hc-e0c4d4af504d4dd097fa45c3cfd/regions/australia-southeast1/autoscalers/nomad-client",
            "name": "nomad-client",
            "project": "hc-e0c4d4af504d4dd097fa45c3cfd",
            "region": "https://www.googleapis.com/compute/v1/projects/hc-e0c4d4af504d4dd097fa45c3cfd/regions/australia-southeast1",
            "self_link": "https://www.googleapis.com/compute/v1/projects/hc-e0c4d4af504d4dd097fa45c3cfd/regions/australia-southeast1/autoscalers/nomad-client",
            "target": "https://www.googleapis.com/compute/v1/projects/hc-e0c4d4af504d4dd097fa45c3cfd/regions/australia-southeast1/instanceGroupManagers/nomad-client",
            "timeouts": null
          },
          "sensitive_attributes": [],
          "private": "eyJlMmJmYjczMC1lY2FhLTExZTYtOGY4OC0zNDM2M2JjN2M0YzAiOnsiY3JlYXRlIjoxMjAwMDAwMDAwMDAwLCJkZWxldGUiOjEyMDAwMDAwMDAwMDAsInVwZGF0ZSI6MTIwMDAwMDAwMDAwMH19",
          "dependencies": [
            "random_string.nomad",
            "data.google_compute_subnetwork.nomad",
            "data.hcp_packer_image.nomad",
            "data.hcp_packer_iteration.hcp_nomad_packer",
            "google_compute_instance_template.nomad_client",
            "google_compute_network.network",
            "google_compute_region_instance_group_manager.nomad_client",
            "google_service_account.nomad_node"
          ]
        }
      ]
    },
    {
      "mode": "managed",
      "type": "google_compute_region_autoscaler",
      "name": "nomad_server",
      "provider": "provider[\"registry.terraform.io/hashicorp/google\"]",
      "instances": [
        {
          "schema_version": 0,
          "attributes": {
            "autoscaling_policy": [
              {
                "cooldown_period": 60,
                "cpu_utilization": [
                  {
                    "predictive_method": "NONE",
                    "target": 0.6
                  }
                ],
                "load_balancing_utilization": [],
                "max_replicas": 5,
                "metric": [],
                "min_replicas": 3,
                "mode": "ON",
                "scale_in_control": [],
                "scaling_schedules": []
              }
            ],
            "creation_timestamp": "2022-06-21T18:42:50.861-07:00",
            "description": "",
            "id": "projects/hc-e0c4d4af504d4dd097fa45c3cfd/regions/australia-southeast1/autoscalers/nomad-server",
            "name": "nomad-server",
            "project": "hc-e0c4d4af504d4dd097fa45c3cfd",
            "region": "https://www.googleapis.com/compute/v1/projects/hc-e0c4d4af504d4dd097fa45c3cfd/regions/australia-southeast1",
            "self_link": "https://www.googleapis.com/compute/v1/projects/hc-e0c4d4af504d4dd097fa45c3cfd/regions/australia-southeast1/autoscalers/nomad-server",
            "target": "https://www.googleapis.com/compute/v1/projects/hc-e0c4d4af504d4dd097fa45c3cfd/regions/australia-southeast1/instanceGroupManagers/nomad-server",
            "timeouts": null
          },
          "sensitive_attributes": [],
          "private": "eyJlMmJmYjczMC1lY2FhLTExZTYtOGY4OC0zNDM2M2JjN2M0YzAiOnsiY3JlYXRlIjoxMjAwMDAwMDAwMDAwLCJkZWxldGUiOjEyMDAwMDAwMDAwMDAsInVwZGF0ZSI6MTIwMDAwMDAwMDAwMH19",
          "dependencies": [
            "google_service_account.nomad_node",
            "random_string.nomad",
            "data.google_compute_subnetwork.nomad",
            "data.hcp_packer_image.nomad",
            "data.hcp_packer_iteration.hcp_nomad_packer",
            "google_compute_instance_template.nomad_server",
            "google_compute_network.network",
            "google_compute_region_instance_group_manager.nomad_server"
          ]
        }
      ]
    },
    {
      "mode": "managed",
      "type": "google_compute_region_backend_service",
      "name": "bastion_backend",
      "provider": "provider[\"registry.terraform.io/hashicorp/google\"]",
      "instances": [
        {
          "schema_version": 1,
          "attributes": {
            "affinity_cookie_ttl_sec": 0,
            "backend": [
              {
                "balancing_mode": "CONNECTION",
                "capacity_scaler": 0,
                "description": "bastion-server",
                "failover": false,
                "group": "https://www.googleapis.com/compute/v1/projects/hc-e0c4d4af504d4dd097fa45c3cfd/zones/australia-southeast1-b/instanceGroups/bastion-compute-instance-group",
                "max_connections": 0,
                "max_connections_per_endpoint": 0,
                "max_connections_per_instance": 0,
                "max_rate": 0,
                "max_rate_per_endpoint": 0,
                "max_rate_per_instance": 0,
                "max_utilization": 0
              }
            ],
            "cdn_policy": [],
            "circuit_breakers": [],
            "connection_draining_timeout_sec": 0,
            "consistent_hash": [],
            "creation_timestamp": "2022-06-21T18:42:51.308-07:00",
            "description": "",
            "enable_cdn": false,
            "failover_policy": [],
            "fingerprint": "d9fg1HYnZpM=",
            "health_checks": [
              "https://www.googleapis.com/compute/v1/projects/hc-e0c4d4af504d4dd097fa45c3cfd/regions/australia-southeast1/healthChecks/basion-tcp-check-clients"
            ],
            "iap": [],
            "id": "projects/hc-e0c4d4af504d4dd097fa45c3cfd/regions/australia-southeast1/backendServices/bastion-service",
            "load_balancing_scheme": "EXTERNAL",
            "locality_lb_policy": "",
            "log_config": [],
            "name": "bastion-service",
            "network": "",
            "outlier_detection": [],
            "port_name": "http",
            "project": "hc-e0c4d4af504d4dd097fa45c3cfd",
            "protocol": "TCP",
            "region": "australia-southeast1",
            "self_link": "https://www.googleapis.com/compute/v1/projects/hc-e0c4d4af504d4dd097fa45c3cfd/regions/australia-southeast1/backendServices/bastion-service",
            "session_affinity": "NONE",
            "timeout_sec": 30,
            "timeouts": null
          },
          "sensitive_attributes": [],
          "private": "eyJlMmJmYjczMC1lY2FhLTExZTYtOGY4OC0zNDM2M2JjN2M0YzAiOnsiY3JlYXRlIjoxMjAwMDAwMDAwMDAwLCJkZWxldGUiOjEyMDAwMDAwMDAwMDAsInVwZGF0ZSI6MTIwMDAwMDAwMDAwMH0sInNjaGVtYV92ZXJzaW9uIjoiMSJ9",
          "dependencies": [
            "google_compute_instance_group.bastion",
            "data.hcp_packer_image.nomad",
            "google_compute_disk.nomad",
            "google_compute_instance.server01",
            "google_compute_region_health_check.bastion",
            "google_service_account.nomad_node",
            "random_string.nomad",
            "data.hcp_packer_iteration.hcp_nomad_packer",
            "google_compute_address.server01",
            "google_compute_network.network"
          ]
        }
      ]
    },
    {
      "mode": "managed",
      "type": "google_compute_region_backend_service",
      "name": "default",
      "provider": "provider[\"registry.terraform.io/hashicorp/google\"]",
      "instances": [
        {
          "schema_version": 1,
          "attributes": {
            "affinity_cookie_ttl_sec": 0,
            "backend": [
              {
                "balancing_mode": "CONNECTION",
                "capacity_scaler": 0,
                "description": "nomad-servers",
                "failover": false,
                "group": "https://www.googleapis.com/compute/v1/projects/hc-e0c4d4af504d4dd097fa45c3cfd/regions/australia-southeast1/instanceGroups/nomad-server",
                "max_connections": 0,
                "max_connections_per_endpoint": 0,
                "max_connections_per_instance": 0,
                "max_rate": 0,
                "max_rate_per_endpoint": 0,
                "max_rate_per_instance": 0,
                "max_utilization": 0
              }
            ],
            "cdn_policy": [],
            "circuit_breakers": [],
            "connection_draining_timeout_sec": 0,
            "consistent_hash": [],
            "creation_timestamp": "2022-06-21T18:42:51.154-07:00",
            "description": "",
            "enable_cdn": false,
            "failover_policy": [],
            "fingerprint": "lOR7qJv0EWk=",
            "health_checks": [
              "https://www.googleapis.com/compute/v1/projects/hc-e0c4d4af504d4dd097fa45c3cfd/regions/australia-southeast1/healthChecks/nomad-tcp-check"
            ],
            "iap": [],
            "id": "projects/hc-e0c4d4af504d4dd097fa45c3cfd/regions/australia-southeast1/backendServices/backend-service",
            "load_balancing_scheme": "EXTERNAL",
            "locality_lb_policy": "",
            "log_config": [],
            "name": "backend-service",
            "network": "",
            "outlier_detection": [],
            "port_name": "http",
            "project": "hc-e0c4d4af504d4dd097fa45c3cfd",
            "protocol": "TCP",
            "region": "australia-southeast1",
            "self_link": "https://www.googleapis.com/compute/v1/projects/hc-e0c4d4af504d4dd097fa45c3cfd/regions/australia-southeast1/backendServices/backend-service",
            "session_affinity": "NONE",
            "timeout_sec": 30,
            "timeouts": null
          },
          "sensitive_attributes": [],
          "private": "eyJlMmJmYjczMC1lY2FhLTExZTYtOGY4OC0zNDM2M2JjN2M0YzAiOnsiY3JlYXRlIjoxMjAwMDAwMDAwMDAwLCJkZWxldGUiOjEyMDAwMDAwMDAwMDAsInVwZGF0ZSI6MTIwMDAwMDAwMDAwMH0sInNjaGVtYV92ZXJzaW9uIjoiMSJ9",
          "dependencies": [
            "google_service_account.nomad_node",
            "random_string.nomad",
            "data.google_compute_subnetwork.nomad",
            "data.hcp_packer_image.nomad",
            "data.hcp_packer_iteration.hcp_nomad_packer",
            "google_compute_region_health_check.nomadui",
            "google_compute_region_instance_group_manager.nomad_server",
            "google_compute_instance_template.nomad_server",
            "google_compute_network.network"
          ]
        }
      ]
    },
    {
      "mode": "managed",
      "type": "google_compute_region_backend_service",
      "name": "nomad_client",
      "provider": "provider[\"registry.terraform.io/hashicorp/google\"]",
      "instances": [
        {
          "schema_version": 1,
          "attributes": {
            "affinity_cookie_ttl_sec": 0,
            "backend": [
              {
                "balancing_mode": "CONNECTION",
                "capacity_scaler": 0,
                "description": "nomad-client service",
                "failover": false,
                "group": "https://www.googleapis.com/compute/v1/projects/hc-e0c4d4af504d4dd097fa45c3cfd/regions/australia-southeast1/instanceGroups/nomad-client",
                "max_connections": 0,
                "max_connections_per_endpoint": 0,
                "max_connections_per_instance": 0,
                "max_rate": 0,
                "max_rate_per_endpoint": 0,
                "max_rate_per_instance": 0,
                "max_utilization": 0
              }
            ],
            "cdn_policy": [],
            "circuit_breakers": [],
            "connection_draining_timeout_sec": 0,
            "consistent_hash": [],
            "creation_timestamp": "2022-06-21T18:43:01.271-07:00",
            "description": "",
            "enable_cdn": false,
            "failover_policy": [],
            "fingerprint": "ctNCm4l3Ptg=",
            "health_checks": [
              "https://www.googleapis.com/compute/v1/projects/hc-e0c4d4af504d4dd097fa45c3cfd/regions/australia-southeast1/healthChecks/nomad-tcp-check"
            ],
            "iap": [],
            "id": "projects/hc-e0c4d4af504d4dd097fa45c3cfd/regions/australia-southeast1/backendServices/nomad-client-service",
            "load_balancing_scheme": "EXTERNAL",
            "locality_lb_policy": "",
            "log_config": [],
            "name": "nomad-client-service",
            "network": "",
            "outlier_detection": [],
            "port_name": "http",
            "project": "hc-e0c4d4af504d4dd097fa45c3cfd",
            "protocol": "TCP",
            "region": "australia-southeast1",
            "self_link": "https://www.googleapis.com/compute/v1/projects/hc-e0c4d4af504d4dd097fa45c3cfd/regions/australia-southeast1/backendServices/nomad-client-service",
            "session_affinity": "NONE",
            "timeout_sec": 30,
            "timeouts": null
          },
          "sensitive_attributes": [],
          "private": "eyJlMmJmYjczMC1lY2FhLTExZTYtOGY4OC0zNDM2M2JjN2M0YzAiOnsiY3JlYXRlIjoxMjAwMDAwMDAwMDAwLCJkZWxldGUiOjEyMDAwMDAwMDAwMDAsInVwZGF0ZSI6MTIwMDAwMDAwMDAwMH0sInNjaGVtYV92ZXJzaW9uIjoiMSJ9",
          "dependencies": [
            "data.google_compute_subnetwork.nomad",
            "data.hcp_packer_image.nomad",
            "data.hcp_packer_iteration.hcp_nomad_packer",
            "google_compute_instance_template.nomad_client",
            "google_compute_region_health_check.nomadui",
            "google_compute_region_instance_group_manager.nomad_client",
            "random_string.nomad",
            "google_compute_network.network",
            "google_service_account.nomad_node"
          ]
        }
      ]
    },
    {
      "mode": "managed",
      "type": "google_compute_region_backend_service",
      "name": "traefik",
      "provider": "provider[\"registry.terraform.io/hashicorp/google\"]",
      "instances": [
        {
          "schema_version": 1,
          "attributes": {
            "affinity_cookie_ttl_sec": 0,
            "backend": [
              {
                "balancing_mode": "CONNECTION",
                "capacity_scaler": 0,
                "description": "traefik",
                "failover": false,
                "group": "https://www.googleapis.com/compute/v1/projects/hc-e0c4d4af504d4dd097fa45c3cfd/regions/australia-southeast1/instanceGroups/nomad-client",
                "max_connections": 0,
                "max_connections_per_endpoint": 0,
                "max_connections_per_instance": 0,
                "max_rate": 0,
                "max_rate_per_endpoint": 0,
                "max_rate_per_instance": 0,
                "max_utilization": 0
              }
            ],
            "cdn_policy": [],
            "circuit_breakers": [],
            "connection_draining_timeout_sec": 0,
            "consistent_hash": [],
            "creation_timestamp": "2022-06-21T21:20:01.964-07:00",
            "description": "",
            "enable_cdn": false,
            "failover_policy": [],
            "fingerprint": "4mnygH5ODuQ=",
            "health_checks": [
              "https://www.googleapis.com/compute/v1/projects/hc-e0c4d4af504d4dd097fa45c3cfd/regions/australia-southeast1/healthChecks/traefik-check"
            ],
            "iap": [],
            "id": "projects/hc-e0c4d4af504d4dd097fa45c3cfd/regions/australia-southeast1/backendServices/traefix-service",
            "load_balancing_scheme": "EXTERNAL",
            "locality_lb_policy": "",
            "log_config": [],
            "name": "traefix-service",
            "network": "",
            "outlier_detection": [],
            "port_name": "http",
            "project": "hc-e0c4d4af504d4dd097fa45c3cfd",
            "protocol": "TCP",
            "region": "australia-southeast1",
            "self_link": "https://www.googleapis.com/compute/v1/projects/hc-e0c4d4af504d4dd097fa45c3cfd/regions/australia-southeast1/backendServices/traefix-service",
            "session_affinity": "NONE",
            "timeout_sec": 30,
            "timeouts": null
          },
          "sensitive_attributes": [],
          "private": "eyJlMmJmYjczMC1lY2FhLTExZTYtOGY4OC0zNDM2M2JjN2M0YzAiOnsiY3JlYXRlIjoxMjAwMDAwMDAwMDAwLCJkZWxldGUiOjEyMDAwMDAwMDAwMDAsInVwZGF0ZSI6MTIwMDAwMDAwMDAwMH0sInNjaGVtYV92ZXJzaW9uIjoiMSJ9",
          "dependencies": [
            "data.google_compute_subnetwork.nomad",
            "data.hcp_packer_iteration.hcp_nomad_packer",
            "google_compute_network.network",
            "google_compute_region_instance_group_manager.nomad_client",
            "random_string.nomad",
            "data.hcp_packer_image.nomad",
            "google_compute_instance_template.nomad_client",
            "google_compute_region_health_check.traefik",
            "google_service_account.nomad_node"
          ]
        }
      ]
    },
    {
      "mode": "managed",
      "type": "google_compute_region_health_check",
      "name": "bastion",
      "provider": "provider[\"registry.terraform.io/hashicorp/google\"]",
      "instances": [
        {
          "schema_version": 0,
          "attributes": {
            "check_interval_sec": 1,
            "creation_timestamp": "2022-06-21T18:41:39.341-07:00",
            "description": "Health check via tcp",
            "grpc_health_check": [],
            "healthy_threshold": 4,
            "http2_health_check": [],
            "http_health_check": [],
            "https_health_check": [],
            "id": "projects/hc-e0c4d4af504d4dd097fa45c3cfd/regions/australia-southeast1/healthChecks/basion-tcp-check-clients",
            "log_config": [
              {
                "enable": false
              }
            ],
            "name": "basion-tcp-check-clients",
            "project": "hc-e0c4d4af504d4dd097fa45c3cfd",
            "region": "australia-southeast1",
            "self_link": "https://www.googleapis.com/compute/v1/projects/hc-e0c4d4af504d4dd097fa45c3cfd/regions/australia-southeast1/healthChecks/basion-tcp-check-clients",
            "ssl_health_check": [],
            "tcp_health_check": [
              {
                "port": 0,
                "port_name": "ssh",
                "port_specification": "USE_NAMED_PORT",
                "proxy_header": "NONE",
                "request": "",
                "response": ""
              }
            ],
            "timeout_sec": 1,
            "timeouts": null,
            "type": "TCP",
            "unhealthy_threshold": 5
          },
          "sensitive_attributes": [],
          "private": "eyJlMmJmYjczMC1lY2FhLTExZTYtOGY4OC0zNDM2M2JjN2M0YzAiOnsiY3JlYXRlIjoxMjAwMDAwMDAwMDAwLCJkZWxldGUiOjEyMDAwMDAwMDAwMDAsInVwZGF0ZSI6MTIwMDAwMDAwMDAwMH19"
        }
      ]
    },
    {
      "mode": "managed",
      "type": "google_compute_region_health_check",
      "name": "nomadui",
      "provider": "provider[\"registry.terraform.io/hashicorp/google\"]",
      "instances": [
        {
          "schema_version": 0,
          "attributes": {
            "check_interval_sec": 1,
            "creation_timestamp": "2022-06-21T18:41:40.389-07:00",
            "description": "Health check via tcp",
            "grpc_health_check": [],
            "healthy_threshold": 2,
            "http2_health_check": [],
            "http_health_check": [],
            "https_health_check": [],
            "id": "projects/hc-e0c4d4af504d4dd097fa45c3cfd/regions/australia-southeast1/healthChecks/nomad-tcp-check",
            "log_config": [
              {
                "enable": false
              }
            ],
            "name": "nomad-tcp-check",
            "project": "hc-e0c4d4af504d4dd097fa45c3cfd",
            "region": "australia-southeast1",
            "self_link": "https://www.googleapis.com/compute/v1/projects/hc-e0c4d4af504d4dd097fa45c3cfd/regions/australia-southeast1/healthChecks/nomad-tcp-check",
            "ssl_health_check": [],
            "tcp_health_check": [
              {
                "port": 4646,
                "port_name": "",
                "port_specification": "",
                "proxy_header": "NONE",
                "request": "",
                "response": ""
              }
            ],
            "timeout_sec": 1,
            "timeouts": null,
            "type": "TCP",
            "unhealthy_threshold": 2
          },
          "sensitive_attributes": [],
          "private": "eyJlMmJmYjczMC1lY2FhLTExZTYtOGY4OC0zNDM2M2JjN2M0YzAiOnsiY3JlYXRlIjoxMjAwMDAwMDAwMDAwLCJkZWxldGUiOjEyMDAwMDAwMDAwMDAsInVwZGF0ZSI6MTIwMDAwMDAwMDAwMH19"
        }
      ]
    },
    {
      "mode": "managed",
      "type": "google_compute_region_health_check",
      "name": "traefik",
      "provider": "provider[\"registry.terraform.io/hashicorp/google\"]",
      "instances": [
        {
          "schema_version": 0,
          "attributes": {
            "check_interval_sec": 1,
            "creation_timestamp": "2022-06-21T21:19:48.860-07:00",
            "description": "Health check via tcp",
            "grpc_health_check": [],
            "healthy_threshold": 2,
            "http2_health_check": [],
            "http_health_check": [],
            "https_health_check": [],
            "id": "projects/hc-e0c4d4af504d4dd097fa45c3cfd/regions/australia-southeast1/healthChecks/traefik-check",
            "log_config": [
              {
                "enable": false
              }
            ],
            "name": "traefik-check",
            "project": "hc-e0c4d4af504d4dd097fa45c3cfd",
            "region": "australia-southeast1",
            "self_link": "https://www.googleapis.com/compute/v1/projects/hc-e0c4d4af504d4dd097fa45c3cfd/regions/australia-southeast1/healthChecks/traefik-check",
            "ssl_health_check": [],
            "tcp_health_check": [
              {
                "port": 8080,
                "port_name": "",
                "port_specification": "",
                "proxy_header": "NONE",
                "request": "",
                "response": ""
              }
            ],
            "timeout_sec": 1,
            "timeouts": null,
            "type": "TCP",
            "unhealthy_threshold": 2
          },
          "sensitive_attributes": [],
          "private": "eyJlMmJmYjczMC1lY2FhLTExZTYtOGY4OC0zNDM2M2JjN2M0YzAiOnsiY3JlYXRlIjoxMjAwMDAwMDAwMDAwLCJkZWxldGUiOjEyMDAwMDAwMDAwMDAsInVwZGF0ZSI6MTIwMDAwMDAwMDAwMH19"
        }
      ]
    },
    {
      "mode": "managed",
      "type": "google_compute_region_instance_group_manager",
      "name": "nomad_client",
      "provider": "provider[\"registry.terraform.io/hashicorp/google\"]",
      "instances": [
        {
          "schema_version": 0,
          "attributes": {
            "auto_healing_policies": [],
            "base_instance_name": "nomad-client",
            "description": "",
            "distribution_policy_target_shape": "EVEN",
            "distribution_policy_zones": [
              "australia-southeast1-a",
              "australia-southeast1-b",
              "australia-southeast1-c"
            ],
            "fingerprint": "yo4Mr8BHwr0=",
            "id": "projects/hc-e0c4d4af504d4dd097fa45c3cfd/regions/australia-southeast1/instanceGroupManagers/nomad-client",
            "instance_group": "https://www.googleapis.com/compute/v1/projects/hc-e0c4d4af504d4dd097fa45c3cfd/regions/australia-southeast1/instanceGroups/nomad-client",
            "name": "nomad-client",
            "named_port": [],
            "project": "hc-e0c4d4af504d4dd097fa45c3cfd",
            "region": "australia-southeast1",
            "self_link": "https://www.googleapis.com/compute/v1/projects/hc-e0c4d4af504d4dd097fa45c3cfd/regions/australia-southeast1/instanceGroupManagers/nomad-client",
            "stateful_disk": [],
            "status": [
              {
                "is_stable": true,
                "stateful": [
                  {
                    "has_stateful_config": false,
                    "per_instance_configs": [
                      {
                        "all_effective": true
                      }
                    ]
                  }
                ],
                "version_target": [
                  {
                    "is_reached": true
                  }
                ]
              }
            ],
            "target_pools": [],
            "target_size": 2,
            "timeouts": null,
            "update_policy": [
              {
                "instance_redistribution_type": "PROACTIVE",
                "max_surge_fixed": 3,
                "max_surge_percent": 0,
                "max_unavailable_fixed": 3,
                "max_unavailable_percent": 0,
                "minimal_action": "REPLACE",
                "most_disruptive_allowed_action": "",
                "replacement_method": "SUBSTITUTE",
                "type": "OPPORTUNISTIC"
              }
            ],
            "version": [
              {
                "instance_template": "https://www.googleapis.com/compute/v1/projects/hc-e0c4d4af504d4dd097fa45c3cfd/global/instanceTemplates/nomad-client20220622014213341000000002",
                "name": "nomad-client",
                "target_size": []
              }
            ],
            "wait_for_instances": false,
            "wait_for_instances_status": "STABLE"
          },
          "sensitive_attributes": [],
          "private": "eyJlMmJmYjczMC1lY2FhLTExZTYtOGY4OC0zNDM2M2JjN2M0YzAiOnsiY3JlYXRlIjo5MDAwMDAwMDAwMDAsImRlbGV0ZSI6OTAwMDAwMDAwMDAwLCJ1cGRhdGUiOjkwMDAwMDAwMDAwMH19",
          "dependencies": [
            "google_compute_network.network",
            "google_service_account.nomad_node",
            "random_string.nomad",
            "data.google_compute_subnetwork.nomad",
            "data.hcp_packer_image.nomad",
            "data.hcp_packer_iteration.hcp_nomad_packer",
            "google_compute_instance_template.nomad_client"
          ]
        }
      ]
    },
    {
      "mode": "managed",
      "type": "google_compute_region_instance_group_manager",
      "name": "nomad_server",
      "provider": "provider[\"registry.terraform.io/hashicorp/google\"]",
      "instances": [
        {
          "schema_version": 0,
          "attributes": {
            "auto_healing_policies": [],
            "base_instance_name": "nomad-server",
            "description": "",
            "distribution_policy_target_shape": "EVEN",
            "distribution_policy_zones": [
              "australia-southeast1-a",
              "australia-southeast1-b",
              "australia-southeast1-c"
            ],
            "fingerprint": "Rkm6oSqTzOY=",
            "id": "projects/hc-e0c4d4af504d4dd097fa45c3cfd/regions/australia-southeast1/instanceGroupManagers/nomad-server",
            "instance_group": "https://www.googleapis.com/compute/v1/projects/hc-e0c4d4af504d4dd097fa45c3cfd/regions/australia-southeast1/instanceGroups/nomad-server",
            "name": "nomad-server",
            "named_port": [
              {
                "name": "nomad",
                "port": 4646
              }
            ],
            "project": "hc-e0c4d4af504d4dd097fa45c3cfd",
            "region": "australia-southeast1",
            "self_link": "https://www.googleapis.com/compute/v1/projects/hc-e0c4d4af504d4dd097fa45c3cfd/regions/australia-southeast1/instanceGroupManagers/nomad-server",
            "stateful_disk": [],
            "status": [
              {
                "is_stable": true,
                "stateful": [
                  {
                    "has_stateful_config": false,
                    "per_instance_configs": [
                      {
                        "all_effective": true
                      }
                    ]
                  }
                ],
                "version_target": [
                  {
                    "is_reached": true
                  }
                ]
              }
            ],
            "target_pools": [],
            "target_size": 3,
            "timeouts": null,
            "update_policy": [
              {
                "instance_redistribution_type": "PROACTIVE",
                "max_surge_fixed": 3,
                "max_surge_percent": 0,
                "max_unavailable_fixed": 3,
                "max_unavailable_percent": 0,
                "minimal_action": "REPLACE",
                "most_disruptive_allowed_action": "",
                "replacement_method": "SUBSTITUTE",
                "type": "OPPORTUNISTIC"
              }
            ],
            "version": [
              {
                "instance_template": "https://www.googleapis.com/compute/v1/projects/hc-e0c4d4af504d4dd097fa45c3cfd/global/instanceTemplates/nomad-server20220622014212862700000001",
                "name": "nomad-server",
                "target_size": []
              }
            ],
            "wait_for_instances": false,
            "wait_for_instances_status": "STABLE"
          },
          "sensitive_attributes": [],
          "private": "eyJlMmJmYjczMC1lY2FhLTExZTYtOGY4OC0zNDM2M2JjN2M0YzAiOnsiY3JlYXRlIjo5MDAwMDAwMDAwMDAsImRlbGV0ZSI6OTAwMDAwMDAwMDAwLCJ1cGRhdGUiOjkwMDAwMDAwMDAwMH19",
          "dependencies": [
            "google_compute_instance_template.nomad_server",
            "google_compute_network.network",
            "google_service_account.nomad_node",
            "random_string.nomad",
            "data.google_compute_subnetwork.nomad",
            "data.hcp_packer_image.nomad",
            "data.hcp_packer_iteration.hcp_nomad_packer"
          ]
        }
      ]
    },
    {
      "mode": "managed",
      "type": "google_compute_router",
      "name": "router",
      "provider": "provider[\"registry.terraform.io/hashicorp/google\"]",
      "instances": [
        {
          "schema_version": 0,
          "attributes": {
            "bgp": [
              {
                "advertise_mode": "DEFAULT",
                "advertised_groups": [],
                "advertised_ip_ranges": [],
                "asn": 64514,
                "keepalive_interval": 20
              }
            ],
            "creation_timestamp": "2022-06-21T18:42:13.079-07:00",
            "description": "",
            "encrypted_interconnect_router": false,
            "id": "projects/hc-e0c4d4af504d4dd097fa45c3cfd/regions/australia-southeast1/routers/burkey-router",
            "name": "burkey-router",
            "network": "https://www.googleapis.com/compute/v1/projects/hc-e0c4d4af504d4dd097fa45c3cfd/global/networks/burkey-network",
            "project": "hc-e0c4d4af504d4dd097fa45c3cfd",
            "region": "australia-southeast1",
            "self_link": "https://www.googleapis.com/compute/v1/projects/hc-e0c4d4af504d4dd097fa45c3cfd/regions/australia-southeast1/routers/burkey-router",
            "timeouts": null
          },
          "sensitive_attributes": [],
          "private": "eyJlMmJmYjczMC1lY2FhLTExZTYtOGY4OC0zNDM2M2JjN2M0YzAiOnsiY3JlYXRlIjoxMjAwMDAwMDAwMDAwLCJkZWxldGUiOjEyMDAwMDAwMDAwMDAsInVwZGF0ZSI6MTIwMDAwMDAwMDAwMH19",
          "dependencies": [
            "google_compute_network.network"
          ]
        }
      ]
    },
    {
      "mode": "managed",
      "type": "google_compute_router_nat",
      "name": "nat",
      "provider": "provider[\"registry.terraform.io/hashicorp/google\"]",
      "instances": [
        {
          "schema_version": 0,
          "attributes": {
            "drain_nat_ips": [],
            "enable_dynamic_port_allocation": false,
            "enable_endpoint_independent_mapping": true,
            "icmp_idle_timeout_sec": 30,
            "id": "hc-e0c4d4af504d4dd097fa45c3cfd/australia-southeast1/burkey-router/burkey-nat-router",
            "log_config": [],
            "min_ports_per_vm": 0,
            "name": "burkey-nat-router",
            "nat_ip_allocate_option": "AUTO_ONLY",
            "nat_ips": [],
            "project": "hc-e0c4d4af504d4dd097fa45c3cfd",
            "region": null,
            "router": "burkey-router",
            "source_subnetwork_ip_ranges_to_nat": "ALL_SUBNETWORKS_ALL_IP_RANGES",
            "subnetwork": [],
            "tcp_established_idle_timeout_sec": 1200,
            "tcp_transitory_idle_timeout_sec": 30,
            "timeouts": null,
            "udp_idle_timeout_sec": 30
          },
          "sensitive_attributes": [],
          "private": "eyJlMmJmYjczMC1lY2FhLTExZTYtOGY4OC0zNDM2M2JjN2M0YzAiOnsiY3JlYXRlIjoxMjAwMDAwMDAwMDAwLCJkZWxldGUiOjEyMDAwMDAwMDAwMDAsInVwZGF0ZSI6MTIwMDAwMDAwMDAwMH19",
          "dependencies": [
            "google_compute_network.network",
            "google_compute_router.router"
          ]
        }
      ]
    },
    {
      "mode": "managed",
      "type": "google_project_iam_member",
      "name": "nomad-nodes",
      "provider": "provider[\"registry.terraform.io/hashicorp/google\"]",
      "instances": [
        {
          "schema_version": 0,
          "attributes": {
            "condition": [],
            "etag": "BwXh/3CiOWg=",
            "id": "hc-e0c4d4af504d4dd097fa45c3cfd/roles/compute.instanceAdmin/serviceAccount:pxjpnryvaqvbzxgn@hc-e0c4d4af504d4dd097fa45c3cfd.iam.gserviceaccount.com",
            "member": "serviceAccount:pxjpnryvaqvbzxgn@hc-e0c4d4af504d4dd097fa45c3cfd.iam.gserviceaccount.com",
            "project": "hc-e0c4d4af504d4dd097fa45c3cfd",
            "role": "roles/compute.instanceAdmin"
          },
          "sensitive_attributes": [],
          "private": "bnVsbA==",
          "dependencies": [
            "google_service_account.nomad_node",
            "random_string.nomad"
          ]
        }
      ]
    },
    {
      "mode": "managed",
      "type": "google_service_account",
      "name": "nomad_node",
      "provider": "provider[\"registry.terraform.io/hashicorp/google\"]",
      "instances": [
        {
          "schema_version": 0,
          "attributes": {
            "account_id": "pxjpnryvaqvbzxgn",
            "description": "",
            "disabled": false,
            "display_name": "nomad-server",
            "email": "pxjpnryvaqvbzxgn@hc-e0c4d4af504d4dd097fa45c3cfd.iam.gserviceaccount.com",
            "id": "projects/hc-e0c4d4af504d4dd097fa45c3cfd/serviceAccounts/pxjpnryvaqvbzxgn@hc-e0c4d4af504d4dd097fa45c3cfd.iam.gserviceaccount.com",
            "name": "projects/hc-e0c4d4af504d4dd097fa45c3cfd/serviceAccounts/pxjpnryvaqvbzxgn@hc-e0c4d4af504d4dd097fa45c3cfd.iam.gserviceaccount.com",
            "project": "hc-e0c4d4af504d4dd097fa45c3cfd",
            "timeouts": null,
            "unique_id": "117480196520880937722"
          },
          "sensitive_attributes": [],
          "private": "eyJlMmJmYjczMC1lY2FhLTExZTYtOGY4OC0zNDM2M2JjN2M0YzAiOnsiY3JlYXRlIjozMDAwMDAwMDAwMDB9fQ==",
          "dependencies": [
            "random_string.nomad"
          ],
          "create_before_destroy": true
        }
      ]
    },
    {
      "mode": "managed",
      "type": "random_string",
      "name": "nomad",
      "provider": "provider[\"registry.terraform.io/hashicorp/random\"]",
      "instances": [
        {
          "schema_version": 2,
          "attributes": {
            "id": "pxjpnryvaqvbzxgn",
            "keepers": null,
            "length": 16,
            "lower": true,
            "min_lower": 0,
            "min_numeric": 0,
            "min_special": 0,
            "min_upper": 0,
            "number": false,
            "numeric": false,
            "override_special": null,
            "result": "pxjpnryvaqvbzxgn",
            "special": false,
            "upper": false
          },
          "sensitive_attributes": [],
          "private": "eyJzY2hlbWFfdmVyc2lvbiI6IjIifQ==",
          "create_before_destroy": true
        }
      ]
    }
  ]
}
